// !$*UTF8*$!
{
	archiveVersion = 1;
	classes = {
	};
	objectVersion = 52;
	objects = {

/* Begin PBXBuildFile section */
		A8B8A82D25E28632005ADBE4 /* AppDelegate.swift in Sources */ = {isa = PBXBuildFile; fileRef = A8B8A82C25E28632005ADBE4 /* AppDelegate.swift */; };
		A8B8A82F25E28632005ADBE4 /* SceneDelegate.swift in Sources */ = {isa = PBXBuildFile; fileRef = A8B8A82E25E28632005ADBE4 /* SceneDelegate.swift */; };
		A8B8A83425E28632005ADBE4 /* Main.storyboard in Resources */ = {isa = PBXBuildFile; fileRef = A8B8A83225E28632005ADBE4 /* Main.storyboard */; };
		A8B8A83625E28636005ADBE4 /* Assets.xcassets in Resources */ = {isa = PBXBuildFile; fileRef = A8B8A83525E28636005ADBE4 /* Assets.xcassets */; };
		A8B8A83925E28636005ADBE4 /* LaunchScreen.storyboard in Resources */ = {isa = PBXBuildFile; fileRef = A8B8A83725E28636005ADBE4 /* LaunchScreen.storyboard */; };
		A8B8A84725E288B4005ADBE4 /* LoginVC.swift in Sources */ = {isa = PBXBuildFile; fileRef = A8B8A84625E288B4005ADBE4 /* LoginVC.swift */; };
		A8B8A84F25E29B02005ADBE4 /* GithubApi.swift in Sources */ = {isa = PBXBuildFile; fileRef = A8B8A84E25E29B02005ADBE4 /* GithubApi.swift */; };
		A8B8A85425E2C7CD005ADBE4 /* RestError.swift in Sources */ = {isa = PBXBuildFile; fileRef = A8B8A85325E2C7CD005ADBE4 /* RestError.swift */; };
		A8B8A85725E41738005ADBE4 /* SearchVC.swift in Sources */ = {isa = PBXBuildFile; fileRef = A8B8A85625E41738005ADBE4 /* SearchVC.swift */; };
		A8B8A85B25E43098005ADBE4 /* Kingfisher in Frameworks */ = {isa = PBXBuildFile; productRef = A8B8A85A25E43098005ADBE4 /* Kingfisher */; };
/* End PBXBuildFile section */

/* Begin PBXFileReference section */
		A8B8A82925E28632005ADBE4 /* gitsearch.app */ = {isa = PBXFileReference; explicitFileType = wrapper.application; includeInIndex = 0; path = gitsearch.app; sourceTree = BUILT_PRODUCTS_DIR; };
		A8B8A82C25E28632005ADBE4 /* AppDelegate.swift */ = {isa = PBXFileReference; lastKnownFileType = sourcecode.swift; path = AppDelegate.swift; sourceTree = "<group>"; };
		A8B8A82E25E28632005ADBE4 /* SceneDelegate.swift */ = {isa = PBXFileReference; lastKnownFileType = sourcecode.swift; path = SceneDelegate.swift; sourceTree = "<group>"; };
		A8B8A83325E28632005ADBE4 /* Base */ = {isa = PBXFileReference; lastKnownFileType = file.storyboard; name = Base; path = Base.lproj/Main.storyboard; sourceTree = "<group>"; };
		A8B8A83525E28636005ADBE4 /* Assets.xcassets */ = {isa = PBXFileReference; lastKnownFileType = folder.assetcatalog; path = Assets.xcassets; sourceTree = "<group>"; };
		A8B8A83825E28636005ADBE4 /* Base */ = {isa = PBXFileReference; lastKnownFileType = file.storyboard; name = Base; path = Base.lproj/LaunchScreen.storyboard; sourceTree = "<group>"; };
		A8B8A83A25E28636005ADBE4 /* Info.plist */ = {isa = PBXFileReference; lastKnownFileType = text.plist.xml; path = Info.plist; sourceTree = "<group>"; };
		A8B8A84625E288B4005ADBE4 /* LoginVC.swift */ = {isa = PBXFileReference; lastKnownFileType = sourcecode.swift; path = LoginVC.swift; sourceTree = "<group>"; };
		A8B8A84E25E29B02005ADBE4 /* GithubApi.swift */ = {isa = PBXFileReference; lastKnownFileType = sourcecode.swift; path = GithubApi.swift; sourceTree = "<group>"; };
		A8B8A85325E2C7CD005ADBE4 /* RestError.swift */ = {isa = PBXFileReference; lastKnownFileType = sourcecode.swift; path = RestError.swift; sourceTree = "<group>"; };
		A8B8A85625E41738005ADBE4 /* SearchVC.swift */ = {isa = PBXFileReference; lastKnownFileType = sourcecode.swift; path = SearchVC.swift; sourceTree = "<group>"; };
/* End PBXFileReference section */

/* Begin PBXFrameworksBuildPhase section */
		A8B8A82625E28632005ADBE4 /* Frameworks */ = {
			isa = PBXFrameworksBuildPhase;
			buildActionMask = 2147483647;
			files = (
				A8B8A85B25E43098005ADBE4 /* Kingfisher in Frameworks */,
			);
			runOnlyForDeploymentPostprocessing = 0;
		};
/* End PBXFrameworksBuildPhase section */

/* Begin PBXGroup section */
		A8B8A82025E28632005ADBE4 = {
			isa = PBXGroup;
			children = (
				A8B8A82B25E28632005ADBE4 /* gitsearch */,
				A8B8A82A25E28632005ADBE4 /* Products */,
			);
			sourceTree = "<group>";
		};
		A8B8A82A25E28632005ADBE4 /* Products */ = {
			isa = PBXGroup;
			children = (
				A8B8A82925E28632005ADBE4 /* gitsearch.app */,
			);
			name = Products;
			sourceTree = "<group>";
		};
		A8B8A82B25E28632005ADBE4 /* gitsearch */ = {
			isa = PBXGroup;
			children = (
				A8B8A84525E28822005ADBE4 /* search */,
				A8B8A84425E28804005ADBE4 /* login */,
				A8B8A84225E287CD005ADBE4 /* supporting files */,
				A8B8A83225E28632005ADBE4 /* Main.storyboard */,
				A8B8A83A25E28636005ADBE4 /* Info.plist */,
				A8B8A84E25E29B02005ADBE4 /* GithubApi.swift */,
				A8B8A85325E2C7CD005ADBE4 /* RestError.swift */,
			);
			path = gitsearch;
			sourceTree = "<group>";
		};
		A8B8A84225E287CD005ADBE4 /* supporting files */ = {
			isa = PBXGroup;
			children = (
				A8B8A82C25E28632005ADBE4 /* AppDelegate.swift */,
				A8B8A82E25E28632005ADBE4 /* SceneDelegate.swift */,
				A8B8A83525E28636005ADBE4 /* Assets.xcassets */,
				A8B8A83725E28636005ADBE4 /* LaunchScreen.storyboard */,
			);
			path = "supporting files";
			sourceTree = "<group>";
		};
		A8B8A84425E28804005ADBE4 /* login */ = {
			isa = PBXGroup;
			children = (
				A8B8A84625E288B4005ADBE4 /* LoginVC.swift */,
			);
			path = login;
			sourceTree = "<group>";
		};
		A8B8A84525E28822005ADBE4 /* search */ = {
			isa = PBXGroup;
			children = (
				A8B8A85625E41738005ADBE4 /* SearchVC.swift */,
			);
			path = search;
			sourceTree = "<group>";
		};
/* End PBXGroup section */

/* Begin PBXNativeTarget section */
		A8B8A82825E28632005ADBE4 /* gitsearch */ = {
			isa = PBXNativeTarget;
			buildConfigurationList = A8B8A83D25E28636005ADBE4 /* Build configuration list for PBXNativeTarget "gitsearch" */;
			buildPhases = (
				A8B8A82525E28632005ADBE4 /* Sources */,
				A8B8A82625E28632005ADBE4 /* Frameworks */,
				A8B8A82725E28632005ADBE4 /* Resources */,
			);
			buildRules = (
			);
			dependencies = (
			);
			name = gitsearch;
			packageProductDependencies = (
				A8B8A85A25E43098005ADBE4 /* Kingfisher */,
			);
			productName = gitsearch;
			productReference = A8B8A82925E28632005ADBE4 /* gitsearch.app */;
			productType = "com.apple.product-type.application";
		};
/* End PBXNativeTarget section */

/* Begin PBXProject section */
		A8B8A82125E28632005ADBE4 /* Project object */ = {
			isa = PBXProject;
			attributes = {
				LastSwiftUpdateCheck = 1240;
				LastUpgradeCheck = 1240;
				TargetAttributes = {
					A8B8A82825E28632005ADBE4 = {
						CreatedOnToolsVersion = 12.4;
					};
				};
			};
			buildConfigurationList = A8B8A82425E28632005ADBE4 /* Build configuration list for PBXProject "gitsearch" */;
			compatibilityVersion = "Xcode 9.3";
			developmentRegion = en;
			hasScannedForEncodings = 0;
			knownRegions = (
				en,
				Base,
			);
			mainGroup = A8B8A82025E28632005ADBE4;
			packageReferences = (
				A8B8A85925E43098005ADBE4 /* XCRemoteSwiftPackageReference "Kingfisher" */,
			);
			productRefGroup = A8B8A82A25E28632005ADBE4 /* Products */;
			projectDirPath = "";
			projectRoot = "";
			targets = (
				A8B8A82825E28632005ADBE4 /* gitsearch */,
			);
		};
/* End PBXProject section */

/* Begin PBXResourcesBuildPhase section */
		A8B8A82725E28632005ADBE4 /* Resources */ = {
			isa = PBXResourcesBuildPhase;
			buildActionMask = 2147483647;
			files = (
				A8B8A83925E28636005ADBE4 /* LaunchScreen.storyboard in Resources */,
				A8B8A83625E28636005ADBE4 /* Assets.xcassets in Resources */,
				A8B8A83425E28632005ADBE4 /* Main.storyboard in Resources */,
			);
			runOnlyForDeploymentPostprocessing = 0;
		};
/* End PBXResourcesBuildPhase section */

/* Begin PBXSourcesBuildPhase section */
		A8B8A82525E28632005ADBE4 /* Sources */ = {
			isa = PBXSourcesBuildPhase;
			buildActionMask = 2147483647;
			files = (
				A8B8A85725E41738005ADBE4 /* SearchVC.swift in Sources */,
				A8B8A82D25E28632005ADBE4 /* AppDelegate.swift in Sources */,
				A8B8A85425E2C7CD005ADBE4 /* RestError.swift in Sources */,
				A8B8A84F25E29B02005ADBE4 /* GithubApi.swift in Sources */,
				A8B8A82F25E28632005ADBE4 /* SceneDelegate.swift in Sources */,
				A8B8A84725E288B4005ADBE4 /* LoginVC.swift in Sources */,
			);
			runOnlyForDeploymentPostprocessing = 0;
		};
/* End PBXSourcesBuildPhase section */

/* Begin PBXVariantGroup section */
		A8B8A83225E28632005ADBE4 /* Main.storyboard */ = {
			isa = PBXVariantGroup;
			children = (
				A8B8A83325E28632005ADBE4 /* Base */,
			);
			name = Main.storyboard;
			sourceTree = "<group>";
		};
		A8B8A83725E28636005ADBE4 /* LaunchScreen.storyboard */ = {
			isa = PBXVariantGroup;
			children = (
				A8B8A83825E28636005ADBE4 /* Base */,
			);
			name = LaunchScreen.storyboard;
			sourceTree = "<group>";
		};
/* End PBXVariantGroup section */

/* Begin XCBuildConfiguration section */
		A8B8A83B25E28636005ADBE4 /* Debug */ = {
			isa = XCBuildConfiguration;
			buildSettings = {
				ALWAYS_SEARCH_USER_PATHS = NO;
				CLANG_ANALYZER_NONNULL = YES;
				CLANG_ANALYZER_NUMBER_OBJECT_CONVERSION = YES_AGGRESSIVE;
				CLANG_CXX_LANGUAGE_STANDARD = "gnu++14";
				CLANG_CXX_LIBRARY = "libc++";
				CLANG_ENABLE_MODULES = YES;
				CLANG_ENABLE_OBJC_ARC = YES;
				CLANG_ENABLE_OBJC_WEAK = YES;
				CLANG_WARN_BLOCK_CAPTURE_AUTORELEASING = YES;
				CLANG_WARN_BOOL_CONVERSION = YES;
				CLANG_WARN_COMMA = YES;
				CLANG_WARN_CONSTANT_CONVERSION = YES;
				CLANG_WARN_DEPRECATED_OBJC_IMPLEMENTATIONS = YES;
				CLANG_WARN_DIRECT_OBJC_ISA_USAGE = YES_ERROR;
				CLANG_WARN_DOCUMENTATION_COMMENTS = YES;
				CLANG_WARN_EMPTY_BODY = YES;
				CLANG_WARN_ENUM_CONVERSION = YES;
				CLANG_WARN_INFINITE_RECURSION = YES;
				CLANG_WARN_INT_CONVERSION = YES;
				CLANG_WARN_NON_LITERAL_NULL_CONVERSION = YES;
				CLANG_WARN_OBJC_IMPLICIT_RETAIN_SELF = YES;
				CLANG_WARN_OBJC_LITERAL_CONVERSION = YES;
				CLANG_WARN_OBJC_ROOT_CLASS = YES_ERROR;
				CLANG_WARN_QUOTED_INCLUDE_IN_FRAMEWORK_HEADER = YES;
				CLANG_WARN_RANGE_LOOP_ANALYSIS = YES;
				CLANG_WARN_STRICT_PROTOTYPES = YES;
				CLANG_WARN_SUSPICIOUS_MOVE = YES;
				CLANG_WARN_UNGUARDED_AVAILABILITY = YES_AGGRESSIVE;
				CLANG_WARN_UNREACHABLE_CODE = YES;
				CLANG_WARN__DUPLICATE_METHOD_MATCH = YES;
				COPY_PHASE_STRIP = NO;
				DEBUG_INFORMATION_FORMAT = dwarf;
				ENABLE_STRICT_OBJC_MSGSEND = YES;
				ENABLE_TESTABILITY = YES;
				GCC_C_LANGUAGE_STANDARD = gnu11;
				GCC_DYNAMIC_NO_PIC = NO;
				GCC_NO_COMMON_BLOCKS = YES;
				GCC_OPTIMIZATION_LEVEL = 0;
				GCC_PREPROCESSOR_DEFINITIONS = (
					"DEBUG=1",
					"$(inherited)",
				);
				GCC_WARN_64_TO_32_BIT_CONVERSION = YES;
				GCC_WARN_ABOUT_RETURN_TYPE = YES_ERROR;
				GCC_WARN_UNDECLARED_SELECTOR = YES;
				GCC_WARN_UNINITIALIZED_AUTOS = YES_AGGRESSIVE;
				GCC_WARN_UNUSED_FUNCTION = YES;
				GCC_WARN_UNUSED_VARIABLE = YES;
				IPHONEOS_DEPLOYMENT_TARGET = 14.4;
				MTL_ENABLE_DEBUG_INFO = INCLUDE_SOURCE;
				MTL_FAST_MATH = YES;
				ONLY_ACTIVE_ARCH = YES;
				SDKROOT = iphoneos;
				SWIFT_ACTIVE_COMPILATION_CONDITIONS = DEBUG;
				SWIFT_OPTIMIZATION_LEVEL = "-Onone";
			};
			name = Debug;
		};
		A8B8A83C25E28636005ADBE4 /* Release */ = {
			isa = XCBuildConfiguration;
			buildSettings = {
				ALWAYS_SEARCH_USER_PATHS = NO;
				CLANG_ANALYZER_NONNULL = YES;
				CLANG_ANALYZER_NUMBER_OBJECT_CONVERSION = YES_AGGRESSIVE;
				CLANG_CXX_LANGUAGE_STANDARD = "gnu++14";
				CLANG_CXX_LIBRARY = "libc++";
				CLANG_ENABLE_MODULES = YES;
				CLANG_ENABLE_OBJC_ARC = YES;
				CLANG_ENABLE_OBJC_WEAK = YES;
				CLANG_WARN_BLOCK_CAPTURE_AUTORELEASING = YES;
				CLANG_WARN_BOOL_CONVERSION = YES;
				CLANG_WARN_COMMA = YES;
				CLANG_WARN_CONSTANT_CONVERSION = YES;
				CLANG_WARN_DEPRECATED_OBJC_IMPLEMENTATIONS = YES;
				CLANG_WARN_DIRECT_OBJC_ISA_USAGE = YES_ERROR;
				CLANG_WARN_DOCUMENTATION_COMMENTS = YES;
				CLANG_WARN_EMPTY_BODY = YES;
				CLANG_WARN_ENUM_CONVERSION = YES;
				CLANG_WARN_INFINITE_RECURSION = YES;
				CLANG_WARN_INT_CONVERSION = YES;
				CLANG_WARN_NON_LITERAL_NULL_CONVERSION = YES;
				CLANG_WARN_OBJC_IMPLICIT_RETAIN_SELF = YES;
				CLANG_WARN_OBJC_LITERAL_CONVERSION = YES;
				CLANG_WARN_OBJC_ROOT_CLASS = YES_ERROR;
				CLANG_WARN_QUOTED_INCLUDE_IN_FRAMEWORK_HEADER = YES;
				CLANG_WARN_RANGE_LOOP_ANALYSIS = YES;
				CLANG_WARN_STRICT_PROTOTYPES = YES;
				CLANG_WARN_SUSPICIOUS_MOVE = YES;
				CLANG_WARN_UNGUARDED_AVAILABILITY = YES_AGGRESSIVE;
				CLANG_WARN_UNREACHABLE_CODE = YES;
				CLANG_WARN__DUPLICATE_METHOD_MATCH = YES;
				COPY_PHASE_STRIP = NO;
				DEBUG_INFORMATION_FORMAT = "dwarf-with-dsym";
				ENABLE_NS_ASSERTIONS = NO;
				ENABLE_STRICT_OBJC_MSGSEND = YES;
				GCC_C_LANGUAGE_STANDARD = gnu11;
				GCC_NO_COMMON_BLOCKS = YES;
				GCC_WARN_64_TO_32_BIT_CONVERSION = YES;
				GCC_WARN_ABOUT_RETURN_TYPE = YES_ERROR;
				GCC_WARN_UNDECLARED_SELECTOR = YES;
				GCC_WARN_UNINITIALIZED_AUTOS = YES_AGGRESSIVE;
				GCC_WARN_UNUSED_FUNCTION = YES;
				GCC_WARN_UNUSED_VARIABLE = YES;
				IPHONEOS_DEPLOYMENT_TARGET = 14.4;
				MTL_ENABLE_DEBUG_INFO = NO;
				MTL_FAST_MATH = YES;
				SDKROOT = iphoneos;
				SWIFT_COMPILATION_MODE = wholemodule;
				SWIFT_OPTIMIZATION_LEVEL = "-O";
				VALIDATE_PRODUCT = YES;
			};
			name = Release;
		};
		A8B8A83E25E28636005ADBE4 /* Debug */ = {
			isa = XCBuildConfiguration;
			buildSettings = {
				ASSETCATALOG_COMPILER_APPICON_NAME = AppIcon;
				ASSETCATALOG_COMPILER_GLOBAL_ACCENT_COLOR_NAME = AccentColor;
				CODE_SIGN_STYLE = Automatic;
				DEVELOPMENT_TEAM = 24GHGJ4FC6;
				INFOPLIST_FILE = gitsearch/Info.plist;
				LD_RUNPATH_SEARCH_PATHS = (
					"$(inherited)",
					"@executable_path/Frameworks",
				);
				PRODUCT_BUNDLE_IDENTIFIER = com.maksumov.gitsearch;
				PRODUCT_NAME = "$(TARGET_NAME)";
				SWIFT_VERSION = 5.0;
				TARGETED_DEVICE_FAMILY = "1,2";
			};
			name = Debug;
		};
		A8B8A83F25E28636005ADBE4 /* Release */ = {
			isa = XCBuildConfiguration;
			buildSettings = {
				ASSETCATALOG_COMPILER_APPICON_NAME = AppIcon;
				ASSETCATALOG_COMPILER_GLOBAL_ACCENT_COLOR_NAME = AccentColor;
				CODE_SIGN_STYLE = Automatic;
				DEVELOPMENT_TEAM = 24GHGJ4FC6;
				INFOPLIST_FILE = gitsearch/Info.plist;
				LD_RUNPATH_SEARCH_PATHS = (
					"$(inherited)",
					"@executable_path/Frameworks",
				);
				PRODUCT_BUNDLE_IDENTIFIER = com.maksumov.gitsearch;
				PRODUCT_NAME = "$(TARGET_NAME)";
				SWIFT_VERSION = 5.0;
				TARGETED_DEVICE_FAMILY = "1,2";
			};
			name = Release;
		};
/* End XCBuildConfiguration section */

/* Begin XCConfigurationList section */
		A8B8A82425E28632005ADBE4 /* Build configuration list for PBXProject "gitsearch" */ = {
			isa = XCConfigurationList;
			buildConfigurations = (
				A8B8A83B25E28636005ADBE4 /* Debug */,
				A8B8A83C25E28636005ADBE4 /* Release */,
			);
			defaultConfigurationIsVisible = 0;
			defaultConfigurationName = Release;
		};
		A8B8A83D25E28636005ADBE4 /* Build configuration list for PBXNativeTarget "gitsearch" */ = {
			isa = XCConfigurationList;
			buildConfigurations = (
				A8B8A83E25E28636005ADBE4 /* Debug */,
				A8B8A83F25E28636005ADBE4 /* Release */,
			);
			defaultConfigurationIsVisible = 0;
			defaultConfigurationName = Release;
		};
/* End XCConfigurationList section */

/* Begin XCRemoteSwiftPackageReference section */
		A8B8A85925E43098005ADBE4 /* XCRemoteSwiftPackageReference "Kingfisher" */ = {
			isa = XCRemoteSwiftPackageReference;
			repositoryURL = "https://github.com/onevcat/Kingfisher.git";
			requirement = {
				kind = upToNextMajorVersion;
				minimumVersion = 6.1.1;
			};
		};
/* End XCRemoteSwiftPackageReference section */

/* Begin XCSwiftPackageProductDependency section */
		A8B8A85A25E43098005ADBE4 /* Kingfisher */ = {
			isa = XCSwiftPackageProductDependency;
			package = A8B8A85925E43098005ADBE4 /* XCRemoteSwiftPackageReference "Kingfisher" */;
			productName = Kingfisher;
		};
/* End XCSwiftPackageProductDependency section */
	};
	rootObject = A8B8A82125E28632005ADBE4 /* Project object */;
}
